
Microsoft Visual Studio Solution File, Format Version 12.00
# Visual Studio 15
VisualStudioVersion = 15.0.35319.79
MinimumVisualStudioVersion = 10.0.40219.1
Project("{FAE04EC0-301F-11D3-BF4B-00C04F79EFBC}") = "MvcFirmaCagri", "MvcFirmaCagri\MvcFirmaCagri.csproj", "{8930D8A6-6DC6-4D47-8048-26DA97023E87}"
EndProject
Global
	GlobalSection(SolutionConfigurationPlatforms) = preSolution
		Debug|Any CPU = Debug|Any CPU
		Release|Any CPU = Release|Any CPU
	EndGlobalSection
	GlobalSection(ProjectConfigurationPlatforms) = postSolution
		{8930D8A6-6DC6-4D47-8048-26DA97023E87}.Debug|Any CPU.ActiveCfg = Debug|Any CPU
		{8930D8A6-6DC6-4D47-8048-26DA97023E87}.Debug|Any CPU.Build.0 = Debug|Any CPU
		{8930D8A6-6DC6-4D47-8048-26DA97023E87}.Release|Any CPU.ActiveCfg = Release|Any CPU
		{8930D8A6-6DC6-4D47-8048-26DA97023E87}.Release|Any CPU.Build.0 = Release|Any CPU
	EndGlobalSection
	GlobalSection(SolutionProperties) = preSolution
		HideSolutionNode = FALSE
	EndGlobalSection
	GlobalSection(ExtensibilityGlobals) = postSolution
		SolutionGuid = {9C277E8D-FF96-490F-84DF-567B7AF0D9C7}
	EndGlobalSection
EndGlobal
